
Microsoft Visual Studio Solution File, Format Version 11.00
# Visual Studio 2010
Project("{FAE04EC0-301F-11D3-BF4B-00C04F79EFBC}") = "Assembly-CSharp-firstpass", "Assembly-CSharp-firstpass.csproj", "{90e8e001-bcab-24f8-fc54-41934a940e0f}"
EndProject
Project("{FAE04EC0-301F-11D3-BF4B-00C04F79EFBC}") = "Assembly-CSharp", "Assembly-CSharp.csproj", "{c3c5e515-a9e1-ce78-8421-bd644968ee49}"
EndProject
Global
	GlobalSection(SolutionConfigurationPlatforms) = preSolution
		Debug|Any CPU = Debug|Any CPU
	EndGlobalSection
	GlobalSection(ProjectConfigurationPlatforms) = postSolution
		{90e8e001-bcab-24f8-fc54-41934a940e0f}.Debug|Any CPU.ActiveCfg = Debug|Any CPU
		{90e8e001-bcab-24f8-fc54-41934a940e0f}.Debug|Any CPU.Build.0 = Debug|Any CPU
		{c3c5e515-a9e1-ce78-8421-bd644968ee49}.Debug|Any CPU.ActiveCfg = Debug|Any CPU
		{c3c5e515-a9e1-ce78-8421-bd644968ee49}.Debug|Any CPU.Build.0 = Debug|Any CPU
	EndGlobalSection
	GlobalSection(SolutionProperties) = preSolution
		HideSolutionNode = FALSE
	EndGlobalSection
EndGlobal
